// !$*UTF8*$!
{
	archiveVersion = 1;
	classes = {
	};
	objectVersion = 70;
	objects = {

/* Begin PBXBuildFile section */
		AA0000042A50000400000001 /* SceneDelegate.swift in Sources */ = {isa = PBXBuildFile; fileRef = AA0000042A50000400000000 /* SceneDelegate.swift */; };
		2C5545BD1C1124DE00728469 /* SwiftRadioUITests.swift in Sources */ = {isa = PBXBuildFile; fileRef = 2C5545BC1C1124DE00728469 /* SwiftRadioUITests.swift */; };
		53113F39230C720900462C0E /* ShareActivity.swift in Sources */ = {isa = PBXBuildFile; fileRef = 53113F38230C720900462C0E /* ShareActivity.swift */; };
		5FDEE0221F72FF980064333C /* LaunchScreen.storyboard in Resources */ = {isa = PBXBuildFile; fileRef = 5FDEE0211F72FF980064333C /* LaunchScreen.storyboard */; };
		6258DCD822D93A3500166C65 /* LogoShareView.swift in Sources */ = {isa = PBXBuildFile; fileRef = 6258DCD722D93A3500166C65 /* LogoShareView.swift */; };
		6258DCDA22D93A5400166C65 /* LogoShareView.xib in Resources */ = {isa = PBXBuildFile; fileRef = 6258DCD922D93A5400166C65 /* LogoShareView.xib */; };
		9409E11C1ABF6FEA00312E2B /* AppDelegate.swift in Sources */ = {isa = PBXBuildFile; fileRef = 9409E11B1ABF6FEA00312E2B /* AppDelegate.swift */; };
		9409E1261ABF6FEA00312E2B /* Images.xcassets in Resources */ = {isa = PBXBuildFile; fileRef = 9409E1251ABF6FEA00312E2B /* Images.xcassets */; };
		9409E1401ABF78B000312E2B /* NowPlayingViewController.swift in Sources */ = {isa = PBXBuildFile; fileRef = 9409E13F1ABF78B000312E2B /* NowPlayingViewController.swift */; };
		94452E4F1AD6F24700BFE7A5 /* PopUpMenuViewController.swift in Sources */ = {isa = PBXBuildFile; fileRef = 94452E4E1AD6F24700BFE7A5 /* PopUpMenuViewController.swift */; };
		94452E551AD7086800BFE7A5 /* AboutViewController.swift in Sources */ = {isa = PBXBuildFile; fileRef = 94452E541AD7086800BFE7A5 /* AboutViewController.swift */; };
		945DB3C21AD58E3A00495EBB /* stations.json in Resources */ = {isa = PBXBuildFile; fileRef = 945DB3C11AD58E3A00495EBB /* stations.json */; };
		AA0000052A50000500000001 /* NothingFoundCell.swift in Sources */ = {isa = PBXBuildFile; fileRef = AA0000052A50000500000000 /* NothingFoundCell.swift */; };
		949BBB401ACC9DEE005B7C26 /* DataManager.swift in Sources */ = {isa = PBXBuildFile; fileRef = 949BBB3F1ACC9DEE005B7C26 /* DataManager.swift */; };
		94AC70AE1AD05C6200652982 /* RadioStation.swift in Sources */ = {isa = PBXBuildFile; fileRef = 94AC70AD1AD05C6200652982 /* RadioStation.swift */; };
		94D1D0A51AD6D6230022CA11 /* InfoDetailViewController.swift in Sources */ = {isa = PBXBuildFile; fileRef = 94D1D0A41AD6D6230022CA11 /* InfoDetailViewController.swift */; };
		94D260911B45D20000DE671C /* Config.swift in Sources */ = {isa = PBXBuildFile; fileRef = 94D260901B45D20000DE671C /* Config.swift */; };
		94D260961B45E3FA00DE671C /* AnimationFrames.swift in Sources */ = {isa = PBXBuildFile; fileRef = 94D260951B45E3FA00DE671C /* AnimationFrames.swift */; };
		94E9761C1B1A8F3200F52B1E /* UIImage+DropShadow.swift in Sources */ = {isa = PBXBuildFile; fileRef = 94E9761B1B1A8F3200F52B1E /* UIImage+DropShadow.swift */; };
		AA0000012A50000100000001 /* OnDemandEpisode.swift in Sources */ = {isa = PBXBuildFile; fileRef = AA0000012A50000100000000 /* OnDemandEpisode.swift */; };
		AA0000022A50000200000001 /* PreviousShowsViewController.swift in Sources */ = {isa = PBXBuildFile; fileRef = AA0000022A50000200000000 /* PreviousShowsViewController.swift */; };
		AA0000032A50000300000001 /* FRadioPlayer+Seek.swift in Sources */ = {isa = PBXBuildFile; fileRef = AA0000032A50000300000000 /* FRadioPlayer+Seek.swift */; };
		CE0A4997291F3AD40071C0CC /* CarPlaySceneDelegate.swift in Sources */ = {isa = PBXBuildFile; fileRef = CE0A4999291F3AD40071C0CC /* CarPlaySceneDelegate.swift */; };
		CE321FF329371140001572BD /* Bundle+appName.swift in Sources */ = {isa = PBXBuildFile; fileRef = CE321FF229371140001572BD /* Bundle+appName.swift */; };
		CE37D7B4290F47E000B0933B /* Spring in Frameworks */ = {isa = PBXBuildFile; productRef = CE37D7B3290F47E000B0933B /* Spring */; };
		CE37D7B7290F4A9700B0933B /* FRadioPlayer in Frameworks */ = {isa = PBXBuildFile; productRef = CE37D7B6290F4A9700B0933B /* FRadioPlayer */; };
		CE6036132A47A87A00E15E15 /* StationsViewController.swift in Sources */ = {isa = PBXBuildFile; fileRef = CE6036122A47A87A00E15E15 /* StationsViewController.swift */; };
		CE6036162A47B88600E15E15 /* StationTableViewCell.swift in Sources */ = {isa = PBXBuildFile; fileRef = CE6036152A47B88600E15E15 /* StationTableViewCell.swift */; };
		CE6036192A48BA2500E15E15 /* UITableViewCell+reuseIdentifier.swift in Sources */ = {isa = PBXBuildFile; fileRef = CE6036182A48BA2500E15E15 /* UITableViewCell+reuseIdentifier.swift */; };
		CE6036212A48C51A00E15E15 /* NVActivityIndicatorView in Frameworks */ = {isa = PBXBuildFile; productRef = CE6036202A48C51A00E15E15 /* NVActivityIndicatorView */; };
		CE6036232A48C51A00E15E15 /* NVActivityIndicatorViewExtended in Frameworks */ = {isa = PBXBuildFile; productRef = CE6036222A48C51A00E15E15 /* NVActivityIndicatorViewExtended */; };
		CE6036252A48F68D00E15E15 /* NowPlayingView.swift in Sources */ = {isa = PBXBuildFile; fileRef = CE60361C2A48C4A400E15E15 /* NowPlayingView.swift */; };
		CE6ECCFA292F13DF008B3C16 /* Coordinator.swift in Sources */ = {isa = PBXBuildFile; fileRef = CE6ECCF9292F13DF008B3C16 /* Coordinator.swift */; };
		CE6ECCFD292F1445008B3C16 /* MainCoordinator.swift in Sources */ = {isa = PBXBuildFile; fileRef = CE6ECCFC292F1445008B3C16 /* MainCoordinator.swift */; };
		CE6ECD03292F358C008B3C16 /* UIViewController+Email.swift in Sources */ = {isa = PBXBuildFile; fileRef = CE6ECD02292F358C008B3C16 /* UIViewController+Email.swift */; };
		CE963ECC29135A6F004F299E /* StationsManager.swift in Sources */ = {isa = PBXBuildFile; fileRef = CE963ECB29135A6F004F299E /* StationsManager.swift */; };
		CE9EE8DE293BB41300F62041 /* BaseController.swift in Sources */ = {isa = PBXBuildFile; fileRef = CE9EE8DD293BB41300F62041 /* BaseController.swift */; };
		CE9EE8E1293C048A00F62041 /* LoaderController.swift in Sources */ = {isa = PBXBuildFile; fileRef = CE9EE8E0293C048A00F62041 /* LoaderController.swift */; };
		CEA82F4A2921F260009E9FA0 /* Info-CarPlay.plist in Resources */ = {isa = PBXBuildFile; fileRef = CEA82F492921F260009E9FA0 /* Info-CarPlay.plist */; };
		CED6353B293081ED002B216F /* Handoffable.swift in Sources */ = {isa = PBXBuildFile; fileRef = CED6353A293081ED002B216F /* Handoffable.swift */; };
		CEDABBEB291217AF00C0367F /* UIImageView+Cache.swift in Sources */ = {isa = PBXBuildFile; fileRef = CEDABBEA291217AF00C0367F /* UIImageView+Cache.swift */; };
		CEDABBED29121BBA00C0367F /* UIImage+Cache.swift in Sources */ = {isa = PBXBuildFile; fileRef = CEDABBEC29121BBA00C0367F /* UIImage+Cache.swift */; };
/* End PBXBuildFile section */

/* Begin PBXContainerItemProxy section */
		2C5545BF1C1124DE00728469 /* PBXContainerItemProxy */ = {
			isa = PBXContainerItemProxy;
			containerPortal = 9409E10E1ABF6FE900312E2B /* Project object */;
			proxyType = 1;
			remoteGlobalIDString = 9409E1151ABF6FEA00312E2B;
			remoteInfo = SwiftRadio;
		};
		65BC9D392F7340740014C62A /* PBXContainerItemProxy */ = {
			isa = PBXContainerItemProxy;
			containerPortal = 9409E10E1ABF6FE900312E2B /* Project object */;
			proxyType = 1;
			remoteGlobalIDString = 9409E1151ABF6FEA00312E2B;
			remoteInfo = SwiftRadio;
		};
/* End PBXContainerItemProxy section */

/* Begin PBXFileReference section */
		2C5545BA1C1124DE00728469 /* SwiftRadioUITests.xctest */ = {isa = PBXFileReference; explicitFileType = wrapper.cfbundle; includeInIndex = 0; path = SwiftRadioUITests.xctest; sourceTree = BUILT_PRODUCTS_DIR; };
		2C5545BC1C1124DE00728469 /* SwiftRadioUITests.swift */ = {isa = PBXFileReference; lastKnownFileType = sourcecode.swift; path = SwiftRadioUITests.swift; sourceTree = "<group>"; };
		2C5545BE1C1124DE00728469 /* Info.plist */ = {isa = PBXFileReference; lastKnownFileType = text.plist.xml; path = Info.plist; sourceTree = "<group>"; };
		53113F38230C720900462C0E /* ShareActivity.swift */ = {isa = PBXFileReference; lastKnownFileType = sourcecode.swift; path = ShareActivity.swift; sourceTree = "<group>"; };
		5FDEE0211F72FF980064333C /* LaunchScreen.storyboard */ = {isa = PBXFileReference; lastKnownFileType = file.storyboard; path = LaunchScreen.storyboard; sourceTree = "<group>"; };
		6258DCD722D93A3500166C65 /* LogoShareView.swift */ = {isa = PBXFileReference; lastKnownFileType = sourcecode.swift; path = LogoShareView.swift; sourceTree = "<group>"; };
		6258DCD922D93A5400166C65 /* LogoShareView.xib */ = {isa = PBXFileReference; lastKnownFileType = file.xib; path = LogoShareView.xib; sourceTree = "<group>"; };
		65BC9D352F7340740014C62A /* SwiftRadioTests.xctest */ = {isa = PBXFileReference; explicitFileType = wrapper.cfbundle; includeInIndex = 0; path = SwiftRadioTests.xctest; sourceTree = BUILT_PRODUCTS_DIR; };
		9409E1161ABF6FEA00312E2B /* SwiftRadio.app */ = {isa = PBXFileReference; explicitFileType = wrapper.application; includeInIndex = 0; path = SwiftRadio.app; sourceTree = BUILT_PRODUCTS_DIR; };
		9409E11A1ABF6FEA00312E2B /* Info.plist */ = {isa = PBXFileReference; lastKnownFileType = text.plist.xml; path = Info.plist; sourceTree = "<group>"; };
		9409E11B1ABF6FEA00312E2B /* AppDelegate.swift */ = {isa = PBXFileReference; lastKnownFileType = sourcecode.swift; path = AppDelegate.swift; sourceTree = "<group>"; };
		AA0000042A50000400000000 /* SceneDelegate.swift */ = {isa = PBXFileReference; lastKnownFileType = sourcecode.swift; path = SceneDelegate.swift; sourceTree = "<group>"; };
		9409E1251ABF6FEA00312E2B /* Images.xcassets */ = {isa = PBXFileReference; lastKnownFileType = folder.assetcatalog; path = Images.xcassets; sourceTree = "<group>"; };
		9409E13F1ABF78B000312E2B /* NowPlayingViewController.swift */ = {isa = PBXFileReference; fileEncoding = 4; lastKnownFileType = sourcecode.swift; path = NowPlayingViewController.swift; sourceTree = "<group>"; };
		94452E4E1AD6F24700BFE7A5 /* PopUpMenuViewController.swift */ = {isa = PBXFileReference; fileEncoding = 4; lastKnownFileType = sourcecode.swift; path = PopUpMenuViewController.swift; sourceTree = "<group>"; };
		94452E541AD7086800BFE7A5 /* AboutViewController.swift */ = {isa = PBXFileReference; fileEncoding = 4; lastKnownFileType = sourcecode.swift; path = AboutViewController.swift; sourceTree = "<group>"; };
		945DB3C11AD58E3A00495EBB /* stations.json */ = {isa = PBXFileReference; fileEncoding = 4; lastKnownFileType = text.json; path = stations.json; sourceTree = "<group>"; };
		AA0000052A50000500000000 /* NothingFoundCell.swift */ = {isa = PBXFileReference; lastKnownFileType = sourcecode.swift; path = NothingFoundCell.swift; sourceTree = "<group>"; };
		949BBB3F1ACC9DEE005B7C26 /* DataManager.swift */ = {isa = PBXFileReference; fileEncoding = 4; lastKnownFileType = sourcecode.swift; path = DataManager.swift; sourceTree = "<group>"; };
		94AC70AD1AD05C6200652982 /* RadioStation.swift */ = {isa = PBXFileReference; fileEncoding = 4; lastKnownFileType = sourcecode.swift; path = RadioStation.swift; sourceTree = "<group>"; };
		94D1D0A41AD6D6230022CA11 /* InfoDetailViewController.swift */ = {isa = PBXFileReference; fileEncoding = 4; lastKnownFileType = sourcecode.swift; path = InfoDetailViewController.swift; sourceTree = "<group>"; };
		94D260901B45D20000DE671C /* Config.swift */ = {isa = PBXFileReference; fileEncoding = 4; lastKnownFileType = sourcecode.swift; path = Config.swift; sourceTree = "<group>"; };
		94D260951B45E3FA00DE671C /* AnimationFrames.swift */ = {isa = PBXFileReference; fileEncoding = 4; lastKnownFileType = sourcecode.swift; path = AnimationFrames.swift; sourceTree = "<group>"; };
		94E9761B1B1A8F3200F52B1E /* UIImage+DropShadow.swift */ = {isa = PBXFileReference; fileEncoding = 4; lastKnownFileType = sourcecode.swift; path = "UIImage+DropShadow.swift"; sourceTree = "<group>"; };
		AA0000012A50000100000000 /* OnDemandEpisode.swift */ = {isa = PBXFileReference; lastKnownFileType = sourcecode.swift; path = OnDemandEpisode.swift; sourceTree = "<group>"; };
		AA0000022A50000200000000 /* PreviousShowsViewController.swift */ = {isa = PBXFileReference; lastKnownFileType = sourcecode.swift; path = PreviousShowsViewController.swift; sourceTree = "<group>"; };
		AA0000032A50000300000000 /* FRadioPlayer+Seek.swift */ = {isa = PBXFileReference; lastKnownFileType = sourcecode.swift; path = "FRadioPlayer+Seek.swift"; sourceTree = "<group>"; };
		CE0A4994291F3A220071C0CC /* SwiftRadio.entitlements */ = {isa = PBXFileReference; lastKnownFileType = text.plist.entitlements; path = SwiftRadio.entitlements; sourceTree = "<group>"; };
		CE0A4999291F3AD40071C0CC /* CarPlaySceneDelegate.swift */ = {isa = PBXFileReference; lastKnownFileType = sourcecode.swift; path = CarPlaySceneDelegate.swift; sourceTree = "<group>"; };
		CE321FF229371140001572BD /* Bundle+appName.swift */ = {isa = PBXFileReference; lastKnownFileType = sourcecode.swift; path = "Bundle+appName.swift"; sourceTree = "<group>"; };
		CE6036122A47A87A00E15E15 /* StationsViewController.swift */ = {isa = PBXFileReference; lastKnownFileType = sourcecode.swift; path = StationsViewController.swift; sourceTree = "<group>"; };
		CE6036152A47B88600E15E15 /* StationTableViewCell.swift */ = {isa = PBXFileReference; lastKnownFileType = sourcecode.swift; path = StationTableViewCell.swift; sourceTree = "<group>"; };
		CE6036182A48BA2500E15E15 /* UITableViewCell+reuseIdentifier.swift */ = {isa = PBXFileReference; lastKnownFileType = sourcecode.swift; path = "UITableViewCell+reuseIdentifier.swift"; sourceTree = "<group>"; };
		CE60361C2A48C4A400E15E15 /* NowPlayingView.swift */ = {isa = PBXFileReference; lastKnownFileType = sourcecode.swift; path = NowPlayingView.swift; sourceTree = "<group>"; };
		CE6ECCF9292F13DF008B3C16 /* Coordinator.swift */ = {isa = PBXFileReference; lastKnownFileType = sourcecode.swift; path = Coordinator.swift; sourceTree = "<group>"; };
		CE6ECCFC292F1445008B3C16 /* MainCoordinator.swift */ = {isa = PBXFileReference; lastKnownFileType = sourcecode.swift; path = MainCoordinator.swift; sourceTree = "<group>"; };
		CE6ECD02292F358C008B3C16 /* UIViewController+Email.swift */ = {isa = PBXFileReference; lastKnownFileType = sourcecode.swift; path = "UIViewController+Email.swift"; sourceTree = "<group>"; };
		CE963ECB29135A6F004F299E /* StationsManager.swift */ = {isa = PBXFileReference; lastKnownFileType = sourcecode.swift; path = StationsManager.swift; sourceTree = "<group>"; };
		CE9EE8DD293BB41300F62041 /* BaseController.swift */ = {isa = PBXFileReference; lastKnownFileType = sourcecode.swift; path = BaseController.swift; sourceTree = "<group>"; };
		CE9EE8E0293C048A00F62041 /* LoaderController.swift */ = {isa = PBXFileReference; lastKnownFileType = sourcecode.swift; path = LoaderController.swift; sourceTree = "<group>"; };
		CEA82F492921F260009E9FA0 /* Info-CarPlay.plist */ = {isa = PBXFileReference; fileEncoding = 4; lastKnownFileType = text.plist.xml; path = "Info-CarPlay.plist"; sourceTree = "<group>"; };
		CED6353A293081ED002B216F /* Handoffable.swift */ = {isa = PBXFileReference; lastKnownFileType = sourcecode.swift; path = Handoffable.swift; sourceTree = "<group>"; };
		CEDABBEA291217AF00C0367F /* UIImageView+Cache.swift */ = {isa = PBXFileReference; lastKnownFileType = sourcecode.swift; path = "UIImageView+Cache.swift"; sourceTree = "<group>"; };
		CEDABBEC29121BBA00C0367F /* UIImage+Cache.swift */ = {isa = PBXFileReference; lastKnownFileType = sourcecode.swift; path = "UIImage+Cache.swift"; sourceTree = "<group>"; };
/* End PBXFileReference section */

/* Begin PBXFileSystemSynchronizedRootGroup section */
		65BC9D362F7340740014C62A /* SwiftRadioTests */ = {isa = PBXFileSystemSynchronizedRootGroup; explicitFileTypes = {}; explicitFolders = (); path = SwiftRadioTests; sourceTree = "<group>"; };
/* End PBXFileSystemSynchronizedRootGroup section */

/* Begin PBXFrameworksBuildPhase section */
		2C5545B71C1124DE00728469 /* Frameworks */ = {
			isa = PBXFrameworksBuildPhase;
			buildActionMask = 2147483647;
			files = (
			);
			runOnlyForDeploymentPostprocessing = 0;
		};
		65BC9D322F7340740014C62A /* Frameworks */ = {
			isa = PBXFrameworksBuildPhase;
			buildActionMask = 2147483647;
			files = (
			);
			runOnlyForDeploymentPostprocessing = 0;
		};
		9409E1131ABF6FEA00312E2B /* Frameworks */ = {
			isa = PBXFrameworksBuildPhase;
			buildActionMask = 2147483647;
			files = (
				CE37D7B7290F4A9700B0933B /* FRadioPlayer in Frameworks */,
				CE6036232A48C51A00E15E15 /* NVActivityIndicatorViewExtended in Frameworks */,
				CE37D7B4290F47E000B0933B /* Spring in Frameworks */,
				CE6036212A48C51A00E15E15 /* NVActivityIndicatorView in Frameworks */,
			);
			runOnlyForDeploymentPostprocessing = 0;
		};
/* End PBXFrameworksBuildPhase section */

/* Begin PBXGroup section */
		2C5545BB1C1124DE00728469 /* SwiftRadioUITests */ = {
			isa = PBXGroup;
			children = (
				2C5545BC1C1124DE00728469 /* SwiftRadioUITests.swift */,
				2C5545BE1C1124DE00728469 /* Info.plist */,
			);
			path = SwiftRadioUITests;
			sourceTree = "<group>";
		};
		9409E10D1ABF6FE900312E2B = {
			isa = PBXGroup;
			children = (
				9409E1181ABF6FEA00312E2B /* SwiftRadio */,
				2C5545BB1C1124DE00728469 /* SwiftRadioUITests */,
				65BC9D362F7340740014C62A /* SwiftRadioTests */,
				9409E1171ABF6FEA00312E2B /* Products */,
				CE6036262A48F70A00E15E15 /* Frameworks */,
			);
			sourceTree = "<group>";
		};
		9409E1171ABF6FEA00312E2B /* Products */ = {
			isa = PBXGroup;
			children = (
				9409E1161ABF6FEA00312E2B /* SwiftRadio.app */,
				2C5545BA1C1124DE00728469 /* SwiftRadioUITests.xctest */,
				65BC9D352F7340740014C62A /* SwiftRadioTests.xctest */,
			);
			name = Products;
			sourceTree = "<group>";
		};
		9409E1181ABF6FEA00312E2B /* SwiftRadio */ = {
			isa = PBXGroup;
			children = (
				CE0A4994291F3A220071C0CC /* SwiftRadio.entitlements */,
				CE0A4993291F39660071C0CC /* CarPlay */,
				CE8062F7291EF5D9008BD097 /* Helpers */,
				CE6ECCF8292F139D008B3C16 /* Coordinators */,
				CE60361B2A48C43D00E15E15 /* Views */,
				CE8062F6291EF5B3008BD097 /* ViewControllers */,
				CE8062F5291EF598008BD097 /* Model */,
				CE8062F4291EF57D008BD097 /* Data */,
				CE8062F3291EF566008BD097 /* Networking */,
				CE8062F2291EF545008BD097 /* Cells */,
				94D260901B45D20000DE671C /* Config.swift */,
				9409E11B1ABF6FEA00312E2B /* AppDelegate.swift */,
				AA0000042A50000400000000 /* SceneDelegate.swift */,
				9409E1251ABF6FEA00312E2B /* Images.xcassets */,
				9409E11A1ABF6FEA00312E2B /* Info.plist */,
				CEA82F492921F260009E9FA0 /* Info-CarPlay.plist */,
				5FDEE0211F72FF980064333C /* LaunchScreen.storyboard */,
			);
			path = SwiftRadio;
			sourceTree = "<group>";
		};
		CE0A4993291F39660071C0CC /* CarPlay */ = {
			isa = PBXGroup;
			children = (
				CE0A4999291F3AD40071C0CC /* CarPlaySceneDelegate.swift */,
			);
			path = CarPlay;
			sourceTree = "<group>";
		};
		CE60361B2A48C43D00E15E15 /* Views */ = {
			isa = PBXGroup;
			children = (
				6258DCD722D93A3500166C65 /* LogoShareView.swift */,
				6258DCD922D93A5400166C65 /* LogoShareView.xib */,
				CE60361C2A48C4A400E15E15 /* NowPlayingView.swift */,
			);
			path = Views;
			sourceTree = "<group>";
		};
		CE6036262A48F70A00E15E15 /* Frameworks */ = {
			isa = PBXGroup;
			children = (
			);
			name = Frameworks;
			sourceTree = "<group>";
		};
		CE6ECCF8292F139D008B3C16 /* Coordinators */ = {
			isa = PBXGroup;
			children = (
				CE6ECCF9292F13DF008B3C16 /* Coordinator.swift */,
				CE6ECCFC292F1445008B3C16 /* MainCoordinator.swift */,
			);
			path = Coordinators;
			sourceTree = "<group>";
		};
		CE8062F2291EF545008BD097 /* Cells */ = {
			isa = PBXGroup;
			children = (
				AA0000052A50000500000000 /* NothingFoundCell.swift */,
				CE6036152A47B88600E15E15 /* StationTableViewCell.swift */,
			);
			path = Cells;
			sourceTree = "<group>";
		};
		CE8062F3291EF566008BD097 /* Networking */ = {
			isa = PBXGroup;
			children = (
				949BBB3F1ACC9DEE005B7C26 /* DataManager.swift */,
			);
			path = Networking;
			sourceTree = "<group>";
		};
		CE8062F4291EF57D008BD097 /* Data */ = {
			isa = PBXGroup;
			children = (
				945DB3C11AD58E3A00495EBB /* stations.json */,
			);
			path = Data;
			sourceTree = "<group>";
		};
		CE8062F5291EF598008BD097 /* Model */ = {
			isa = PBXGroup;
			children = (
				94AC70AD1AD05C6200652982 /* RadioStation.swift */,
				AA0000012A50000100000000 /* OnDemandEpisode.swift */,
				CE963ECB29135A6F004F299E /* StationsManager.swift */,
			);
			path = Model;
			sourceTree = "<group>";
		};
		CE8062F6291EF5B3008BD097 /* ViewControllers */ = {
			isa = PBXGroup;
			children = (
				CE9EE8DD293BB41300F62041 /* BaseController.swift */,
				CE9EE8E0293C048A00F62041 /* LoaderController.swift */,
				94452E541AD7086800BFE7A5 /* AboutViewController.swift */,
				94D1D0A41AD6D6230022CA11 /* InfoDetailViewController.swift */,
				94452E4E1AD6F24700BFE7A5 /* PopUpMenuViewController.swift */,
				9409E13F1ABF78B000312E2B /* NowPlayingViewController.swift */,
				CE6036122A47A87A00E15E15 /* StationsViewController.swift */,
				AA0000022A50000200000000 /* PreviousShowsViewController.swift */,
			);
			path = ViewControllers;
			sourceTree = "<group>";
		};
		CE8062F7291EF5D9008BD097 /* Helpers */ = {
			isa = PBXGroup;
			children = (
				CEDABBEA291217AF00C0367F /* UIImageView+Cache.swift */,
				CEDABBEC29121BBA00C0367F /* UIImage+Cache.swift */,
				CE6ECD02292F358C008B3C16 /* UIViewController+Email.swift */,
				94D260951B45E3FA00DE671C /* AnimationFrames.swift */,
				94E9761B1B1A8F3200F52B1E /* UIImage+DropShadow.swift */,
				53113F38230C720900462C0E /* ShareActivity.swift */,
				CED6353A293081ED002B216F /* Handoffable.swift */,
				CE321FF229371140001572BD /* Bundle+appName.swift */,
				CE6036182A48BA2500E15E15 /* UITableViewCell+reuseIdentifier.swift */,
				AA0000032A50000300000000 /* FRadioPlayer+Seek.swift */,
			);
			path = Helpers;
			sourceTree = "<group>";
		};
/* End PBXGroup section */

/* Begin PBXNativeTarget section */
		2C5545B91C1124DE00728469 /* SwiftRadioUITests */ = {
			isa = PBXNativeTarget;
			buildConfigurationList = 2C5545C31C1124DE00728469 /* Build configuration list for PBXNativeTarget "SwiftRadioUITests" */;
			buildPhases = (
				2C5545B61C1124DE00728469 /* Sources */,
				2C5545B71C1124DE00728469 /* Frameworks */,
				2C5545B81C1124DE00728469 /* Resources */,
			);
			buildRules = (
			);
			dependencies = (
				2C5545C01C1124DE00728469 /* PBXTargetDependency */,
			);
			name = SwiftRadioUITests;
			productName = SwiftRadioUITests;
			productReference = 2C5545BA1C1124DE00728469 /* SwiftRadioUITests.xctest */;
			productType = "com.apple.product-type.bundle.ui-testing";
		};
		65BC9D342F7340740014C62A /* SwiftRadioTests */ = {
			isa = PBXNativeTarget;
			buildConfigurationList = 65BC9D3D2F7340740014C62A /* Build configuration list for PBXNativeTarget "SwiftRadioTests" */;
			buildPhases = (
				65BC9D312F7340740014C62A /* Sources */,
				65BC9D322F7340740014C62A /* Frameworks */,
				65BC9D332F7340740014C62A /* Resources */,
			);
			buildRules = (
			);
			dependencies = (
				65BC9D3A2F7340740014C62A /* PBXTargetDependency */,
			);
			fileSystemSynchronizedGroups = (
				65BC9D362F7340740014C62A /* SwiftRadioTests */,
			);
			name = SwiftRadioTests;
			packageProductDependencies = (
			);
			productName = SwiftRadioTests;
			productReference = 65BC9D352F7340740014C62A /* SwiftRadioTests.xctest */;
			productType = "com.apple.product-type.bundle.unit-test";
		};
		9409E1151ABF6FEA00312E2B /* SwiftRadio */ = {
			isa = PBXNativeTarget;
			buildConfigurationList = 9409E1381ABF6FEA00312E2B /* Build configuration list for PBXNativeTarget "SwiftRadio" */;
			buildPhases = (
				9409E1121ABF6FEA00312E2B /* Sources */,
				9409E1131ABF6FEA00312E2B /* Frameworks */,
				9409E1141ABF6FEA00312E2B /* Resources */,
			);
			buildRules = (
			);
			dependencies = (
			);
			name = SwiftRadio;
			packageProductDependencies = (
				CE37D7B3290F47E000B0933B /* Spring */,
				CE37D7B6290F4A9700B0933B /* FRadioPlayer */,
				CE6036202A48C51A00E15E15 /* NVActivityIndicatorView */,
				CE6036222A48C51A00E15E15 /* NVActivityIndicatorViewExtended */,
			);
			productName = RadioPro;
			productReference = 9409E1161ABF6FEA00312E2B /* SwiftRadio.app */;
			productType = "com.apple.product-type.application";
		};
/* End PBXNativeTarget section */

/* Begin PBXProject section */
		9409E10E1ABF6FE900312E2B /* Project object */ = {
			isa = PBXProject;
			attributes = {
				BuildIndependentTargetsInParallel = YES;
				LastSwiftMigration = 0700;
				LastSwiftUpdateCheck = 2620;
				LastUpgradeCheck = 2620;
				ORGANIZATIONNAME = matthewfecher.com;
				TargetAttributes = {
					2C5545B91C1124DE00728469 = {
						CreatedOnToolsVersion = 7.1;
						LastSwiftMigration = 1020;
						TestTargetID = 9409E1151ABF6FEA00312E2B;
					};
					65BC9D342F7340740014C62A = {
						CreatedOnToolsVersion = 26.2;
						TestTargetID = 9409E1151ABF6FEA00312E2B;
					};
					9409E1151ABF6FEA00312E2B = {
						CreatedOnToolsVersion = 6.2;
						LastSwiftMigration = 1020;
						SystemCapabilities = {
							com.apple.BackgroundModes = {
								enabled = 1;
							};
						};
					};
				};
			};
			buildConfigurationList = 9409E1111ABF6FE900312E2B /* Build configuration list for PBXProject "SwiftRadio" */;
			compatibilityVersion = "Xcode 3.2";
			developmentRegion = en;
			hasScannedForEncodings = 0;
			knownRegions = (
				en,
				Base,
			);
			mainGroup = 9409E10D1ABF6FE900312E2B;
			packageReferences = (
				CE37D7B2290F47E000B0933B /* XCRemoteSwiftPackageReference "Spring" */,
				CE37D7B5290F4A9700B0933B /* XCRemoteSwiftPackageReference "FRadioPlayer" */,
				CE60361F2A48C51A00E15E15 /* XCRemoteSwiftPackageReference "NVActivityIndicatorView" */,
			);
			productRefGroup = 9409E1171ABF6FEA00312E2B /* Products */;
			projectDirPath = "";
			projectRoot = "";
			targets = (
				9409E1151ABF6FEA00312E2B /* SwiftRadio */,
				2C5545B91C1124DE00728469 /* SwiftRadioUITests */,
				65BC9D342F7340740014C62A /* SwiftRadioTests */,
			);
		};
/* End PBXProject section */

/* Begin PBXResourcesBuildPhase section */
		2C5545B81C1124DE00728469 /* Resources */ = {
			isa = PBXResourcesBuildPhase;
			buildActionMask = 2147483647;
			files = (
			);
			runOnlyForDeploymentPostprocessing = 0;
		};
		65BC9D332F7340740014C62A /* Resources */ = {
			isa = PBXResourcesBuildPhase;
			buildActionMask = 2147483647;
			files = (
			);
			runOnlyForDeploymentPostprocessing = 0;
		};
		9409E1141ABF6FEA00312E2B /* Resources */ = {
			isa = PBXResourcesBuildPhase;
			buildActionMask = 2147483647;
			files = (
				CEA82F4A2921F260009E9FA0 /* Info-CarPlay.plist in Resources */,
				945DB3C21AD58E3A00495EBB /* stations.json in Resources */,
				6258DCDA22D93A5400166C65 /* LogoShareView.xib in Resources */,
				5FDEE0221F72FF980064333C /* LaunchScreen.storyboard in Resources */,
				9409E1261ABF6FEA00312E2B /* Images.xcassets in Resources */,
			);
			runOnlyForDeploymentPostprocessing = 0;
		};
/* End PBXResourcesBuildPhase section */

/* Begin PBXSourcesBuildPhase section */
		2C5545B61C1124DE00728469 /* Sources */ = {
			isa = PBXSourcesBuildPhase;
			buildActionMask = 2147483647;
			files = (
				2C5545BD1C1124DE00728469 /* SwiftRadioUITests.swift in Sources */,
			);
			runOnlyForDeploymentPostprocessing = 0;
		};
		65BC9D312F7340740014C62A /* Sources */ = {
			isa = PBXSourcesBuildPhase;
			buildActionMask = 2147483647;
			files = (
			);
			runOnlyForDeploymentPostprocessing = 0;
		};
		9409E1121ABF6FEA00312E2B /* Sources */ = {
			isa = PBXSourcesBuildPhase;
			buildActionMask = 2147483647;
			files = (
				94D260911B45D20000DE671C /* Config.swift in Sources */,
				CE6036192A48BA2500E15E15 /* UITableViewCell+reuseIdentifier.swift in Sources */,
				CE6036162A47B88600E15E15 /* StationTableViewCell.swift in Sources */,
				CE9EE8DE293BB41300F62041 /* BaseController.swift in Sources */,
				53113F39230C720900462C0E /* ShareActivity.swift in Sources */,
				9409E1401ABF78B000312E2B /* NowPlayingViewController.swift in Sources */,
				CE963ECC29135A6F004F299E /* StationsManager.swift in Sources */,
				CE321FF329371140001572BD /* Bundle+appName.swift in Sources */,
				CE6ECCFA292F13DF008B3C16 /* Coordinator.swift in Sources */,
				94D1D0A51AD6D6230022CA11 /* InfoDetailViewController.swift in Sources */,
				6258DCD822D93A3500166C65 /* LogoShareView.swift in Sources */,
				949BBB401ACC9DEE005B7C26 /* DataManager.swift in Sources */,
				AA0000052A50000500000001 /* NothingFoundCell.swift in Sources */,
				94E9761C1B1A8F3200F52B1E /* UIImage+DropShadow.swift in Sources */,
				94452E551AD7086800BFE7A5 /* AboutViewController.swift in Sources */,
				CED6353B293081ED002B216F /* Handoffable.swift in Sources */,
				94452E4F1AD6F24700BFE7A5 /* PopUpMenuViewController.swift in Sources */,
				CE6ECCFD292F1445008B3C16 /* MainCoordinator.swift in Sources */,
				9409E11C1ABF6FEA00312E2B /* AppDelegate.swift in Sources */,
				AA0000042A50000400000001 /* SceneDelegate.swift in Sources */,
				94D260961B45E3FA00DE671C /* AnimationFrames.swift in Sources */,
				CE6ECD03292F358C008B3C16 /* UIViewController+Email.swift in Sources */,
				CEDABBED29121BBA00C0367F /* UIImage+Cache.swift in Sources */,
				CE6036252A48F68D00E15E15 /* NowPlayingView.swift in Sources */,
				94AC70AE1AD05C6200652982 /* RadioStation.swift in Sources */,
				CE9EE8E1293C048A00F62041 /* LoaderController.swift in Sources */,
				CEDABBEB291217AF00C0367F /* UIImageView+Cache.swift in Sources */,
				CE6036132A47A87A00E15E15 /* StationsViewController.swift in Sources */,
				AA0000012A50000100000001 /* OnDemandEpisode.swift in Sources */,
				AA0000022A50000200000001 /* PreviousShowsViewController.swift in Sources */,
				AA0000032A50000300000001 /* FRadioPlayer+Seek.swift in Sources */,
				CE0A4997291F3AD40071C0CC /* CarPlaySceneDelegate.swift in Sources */,
			);
			runOnlyForDeploymentPostprocessing = 0;
		};
/* End PBXSourcesBuildPhase section */

/* Begin PBXTargetDependency section */
		2C5545C01C1124DE00728469 /* PBXTargetDependency */ = {
			isa = PBXTargetDependency;
			target = 9409E1151ABF6FEA00312E2B /* SwiftRadio */;
			targetProxy = 2C5545BF1C1124DE00728469 /* PBXContainerItemProxy */;
		};
		65BC9D3A2F7340740014C62A /* PBXTargetDependency */ = {
			isa = PBXTargetDependency;
			target = 9409E1151ABF6FEA00312E2B /* SwiftRadio */;
			targetProxy = 65BC9D392F7340740014C62A /* PBXContainerItemProxy */;
		};
/* End PBXTargetDependency section */

/* Begin XCBuildConfiguration section */
		2C5545C11C1124DE00728469 /* Debug */ = {
			isa = XCBuildConfiguration;
			buildSettings = {
				DEBUG_INFORMATION_FORMAT = dwarf;
				GCC_NO_COMMON_BLOCKS = YES;
				INFOPLIST_FILE = SwiftRadioUITests/Info.plist;
				IPHONEOS_DEPLOYMENT_TARGET = 15.0;
				LD_RUNPATH_SEARCH_PATHS = (
					"$(inherited)",
					"@executable_path/Frameworks",
					"@loader_path/Frameworks",
				);
				PRODUCT_BUNDLE_IDENTIFIER = jonah.SwiftRadioUITests;
				PRODUCT_NAME = "$(TARGET_NAME)";
				SWIFT_VERSION = 5.10;
				TEST_TARGET_NAME = SwiftRadio;
				USES_XCTRUNNER = YES;
			};
			name = Debug;
		};
		2C5545C21C1124DE00728469 /* Release */ = {
			isa = XCBuildConfiguration;
			buildSettings = {
				DEBUG_INFORMATION_FORMAT = "dwarf-with-dsym";
				DEVELOPMENT_TEAM = 5DU7D4798M;
				GCC_NO_COMMON_BLOCKS = YES;
				INFOPLIST_FILE = SwiftRadioUITests/Info.plist;
				IPHONEOS_DEPLOYMENT_TARGET = 15.0;
				LD_RUNPATH_SEARCH_PATHS = (
					"$(inherited)",
					"@executable_path/Frameworks",
					"@loader_path/Frameworks",
				);
				PRODUCT_BUNDLE_IDENTIFIER = jonah.SwiftRadioUITests;
				PRODUCT_NAME = "$(TARGET_NAME)";
				SWIFT_VERSION = 5.10;
				TEST_TARGET_NAME = SwiftRadio;
				USES_XCTRUNNER = YES;
			};
			name = Release;
		};
		65BC9D3B2F7340740014C62A /* Debug */ = {
			isa = XCBuildConfiguration;
			buildSettings = {
				ASSETCATALOG_COMPILER_GENERATE_SWIFT_ASSET_SYMBOL_EXTENSIONS = YES;
				BUNDLE_LOADER = "$(TEST_HOST)";
				CLANG_ANALYZER_NONNULL = YES;
				CLANG_ANALYZER_NUMBER_OBJECT_CONVERSION = YES_AGGRESSIVE;
				CLANG_CXX_LANGUAGE_STANDARD = "gnu++20";
				CLANG_ENABLE_OBJC_WEAK = YES;
				CLANG_WARN_DOCUMENTATION_COMMENTS = YES;
				CLANG_WARN_UNGUARDED_AVAILABILITY = YES_AGGRESSIVE;
				"CODE_SIGN_IDENTITY[sdk=macosx*]" = "Apple Development";
				CODE_SIGN_STYLE = Automatic;
				CURRENT_PROJECT_VERSION = 1;
				DEBUG_INFORMATION_FORMAT = dwarf;
				DEVELOPMENT_TEAM = 5DU7D4798M;
				GCC_C_LANGUAGE_STANDARD = gnu17;
				GENERATE_INFOPLIST_FILE = YES;
				IPHONEOS_DEPLOYMENT_TARGET = 15.0;
				LOCALIZATION_PREFERS_STRING_CATALOGS = YES;
				MARKETING_VERSION = 1.0;
				MTL_ENABLE_DEBUG_INFO = INCLUDE_SOURCE;
				MTL_FAST_MATH = YES;
				PRODUCT_BUNDLE_IDENTIFIER = com.TheGatesPrimarySchool.SwiftRadioTests;
				PRODUCT_NAME = "$(TARGET_NAME)";
				STRING_CATALOG_GENERATE_SYMBOLS = NO;
				SWIFT_ACTIVE_COMPILATION_CONDITIONS = "DEBUG $(inherited)";
				SWIFT_APPROACHABLE_CONCURRENCY = YES;
				SWIFT_EMIT_LOC_STRINGS = NO;
				SWIFT_UPCOMING_FEATURE_MEMBER_IMPORT_VISIBILITY = YES;
				SWIFT_VERSION = 5.0;
				TARGETED_DEVICE_FAMILY = "1,2";
				TEST_HOST = "$(BUILT_PRODUCTS_DIR)/SwiftRadio.app/$(BUNDLE_EXECUTABLE_FOLDER_PATH)/SwiftRadio";
			};
			name = Debug;
		};
		65BC9D3C2F7340740014C62A /* Release */ = {
			isa = XCBuildConfiguration;
			buildSettings = {
				ASSETCATALOG_COMPILER_GENERATE_SWIFT_ASSET_SYMBOL_EXTENSIONS = YES;
				BUNDLE_LOADER = "$(TEST_HOST)";
				CLANG_ANALYZER_NONNULL = YES;
				CLANG_ANALYZER_NUMBER_OBJECT_CONVERSION = YES_AGGRESSIVE;
				CLANG_CXX_LANGUAGE_STANDARD = "gnu++20";
				CLANG_ENABLE_OBJC_WEAK = YES;
				CLANG_WARN_DOCUMENTATION_COMMENTS = YES;
				CLANG_WARN_UNGUARDED_AVAILABILITY = YES_AGGRESSIVE;
				"CODE_SIGN_IDENTITY[sdk=macosx*]" = "Apple Development";
				CODE_SIGN_STYLE = Automatic;
				CURRENT_PROJECT_VERSION = 1;
				DEBUG_INFORMATION_FORMAT = "dwarf-with-dsym";
				DEVELOPMENT_TEAM = 5DU7D4798M;
				GCC_C_LANGUAGE_STANDARD = gnu17;
				GENERATE_INFOPLIST_FILE = YES;
				IPHONEOS_DEPLOYMENT_TARGET = 15.0;
				LOCALIZATION_PREFERS_STRING_CATALOGS = YES;
				MARKETING_VERSION = 1.0;
				MTL_FAST_MATH = YES;
				PRODUCT_BUNDLE_IDENTIFIER = com.TheGatesPrimarySchool.SwiftRadioTests;
				PRODUCT_NAME = "$(TARGET_NAME)";
				STRING_CATALOG_GENERATE_SYMBOLS = NO;
				SWIFT_APPROACHABLE_CONCURRENCY = YES;
				SWIFT_EMIT_LOC_STRINGS = NO;
				SWIFT_UPCOMING_FEATURE_MEMBER_IMPORT_VISIBILITY = YES;
				SWIFT_VERSION = 5.0;
				TARGETED_DEVICE_FAMILY = "1,2";
				TEST_HOST = "$(BUILT_PRODUCTS_DIR)/SwiftRadio.app/$(BUNDLE_EXECUTABLE_FOLDER_PATH)/SwiftRadio";
			};
			name = Release;
		};
		9409E1361ABF6FEA00312E2B /* Debug */ = {
			isa = XCBuildConfiguration;
			buildSettings = {
				ALWAYS_SEARCH_USER_PATHS = NO;
				CLANG_ANALYZER_LOCALIZABILITY_NONLOCALIZED = YES;
				CLANG_CXX_LANGUAGE_STANDARD = "gnu++0x";
				CLANG_CXX_LIBRARY = "libc++";
				CLANG_ENABLE_MODULES = YES;
				CLANG_ENABLE_OBJC_ARC = YES;
				CLANG_WARN_BLOCK_CAPTURE_AUTORELEASING = YES;
				CLANG_WARN_BOOL_CONVERSION = YES;
				CLANG_WARN_COMMA = YES;
				CLANG_WARN_CONSTANT_CONVERSION = YES;
				CLANG_WARN_DEPRECATED_OBJC_IMPLEMENTATIONS = YES;
				CLANG_WARN_DIRECT_OBJC_ISA_USAGE = YES_ERROR;
				CLANG_WARN_EMPTY_BODY = YES;
				CLANG_WARN_ENUM_CONVERSION = YES;
				CLANG_WARN_INFINITE_RECURSION = YES;
				CLANG_WARN_INT_CONVERSION = YES;
				CLANG_WARN_NON_LITERAL_NULL_CONVERSION = YES;
				CLANG_WARN_OBJC_IMPLICIT_RETAIN_SELF = YES;
				CLANG_WARN_OBJC_LITERAL_CONVERSION = YES;
				CLANG_WARN_OBJC_ROOT_CLASS = YES_ERROR;
				CLANG_WARN_QUOTED_INCLUDE_IN_FRAMEWORK_HEADER = YES;
				CLANG_WARN_RANGE_LOOP_ANALYSIS = YES;
				CLANG_WARN_STRICT_PROTOTYPES = YES;
				CLANG_WARN_SUSPICIOUS_MOVE = YES;
				CLANG_WARN_UNREACHABLE_CODE = YES;
				CLANG_WARN__DUPLICATE_METHOD_MATCH = YES;
				"CODE_SIGN_IDENTITY[sdk=iphoneos*]" = "iPhone Developer";
				COPY_PHASE_STRIP = NO;
				ENABLE_STRICT_OBJC_MSGSEND = YES;
				ENABLE_TESTABILITY = YES;
				ENABLE_USER_SCRIPT_SANDBOXING = YES;
				GCC_C_LANGUAGE_STANDARD = gnu99;
				GCC_DYNAMIC_NO_PIC = NO;
				GCC_NO_COMMON_BLOCKS = YES;
				GCC_OPTIMIZATION_LEVEL = 0;
				GCC_PREPROCESSOR_DEFINITIONS = (
					"DEBUG=1",
					"$(inherited)",
				);
				GCC_SYMBOLS_PRIVATE_EXTERN = NO;
				GCC_WARN_64_TO_32_BIT_CONVERSION = YES;
				GCC_WARN_ABOUT_RETURN_TYPE = YES_ERROR;
				GCC_WARN_UNDECLARED_SELECTOR = YES;
				GCC_WARN_UNINITIALIZED_AUTOS = YES_AGGRESSIVE;
				GCC_WARN_UNUSED_FUNCTION = YES;
				GCC_WARN_UNUSED_VARIABLE = YES;
				IPHONEOS_DEPLOYMENT_TARGET = 15.0;
				MTL_ENABLE_DEBUG_INFO = YES;
				ONLY_ACTIVE_ARCH = YES;
				SDKROOT = iphoneos;
				STRING_CATALOG_GENERATE_SYMBOLS = YES;
				SWIFT_OPTIMIZATION_LEVEL = "-Onone";
			};
			name = Debug;
		};
		9409E1371ABF6FEA00312E2B /* Release */ = {
			isa = XCBuildConfiguration;
			buildSettings = {
				ALWAYS_SEARCH_USER_PATHS = NO;
				CLANG_ANALYZER_LOCALIZABILITY_NONLOCALIZED = YES;
				CLANG_CXX_LANGUAGE_STANDARD = "gnu++0x";
				CLANG_CXX_LIBRARY = "libc++";
				CLANG_ENABLE_MODULES = YES;
				CLANG_ENABLE_OBJC_ARC = YES;
				CLANG_WARN_BLOCK_CAPTURE_AUTORELEASING = YES;
				CLANG_WARN_BOOL_CONVERSION = YES;
				CLANG_WARN_COMMA = YES;
				CLANG_WARN_CONSTANT_CONVERSION = YES;
				CLANG_WARN_DEPRECATED_OBJC_IMPLEMENTATIONS = YES;
				CLANG_WARN_DIRECT_OBJC_ISA_USAGE = YES_ERROR;
				CLANG_WARN_EMPTY_BODY = YES;
				CLANG_WARN_ENUM_CONVERSION = YES;
				CLANG_WARN_INFINITE_RECURSION = YES;
				CLANG_WARN_INT_CONVERSION = YES;
				CLANG_WARN_NON_LITERAL_NULL_CONVERSION = YES;
				CLANG_WARN_OBJC_IMPLICIT_RETAIN_SELF = YES;
				CLANG_WARN_OBJC_LITERAL_CONVERSION = YES;
				CLANG_WARN_OBJC_ROOT_CLASS = YES_ERROR;
				CLANG_WARN_QUOTED_INCLUDE_IN_FRAMEWORK_HEADER = YES;
				CLANG_WARN_RANGE_LOOP_ANALYSIS = YES;
				CLANG_WARN_STRICT_PROTOTYPES = YES;
				CLANG_WARN_SUSPICIOUS_MOVE = YES;
				CLANG_WARN_UNREACHABLE_CODE = YES;
				CLANG_WARN__DUPLICATE_METHOD_MATCH = YES;
				"CODE_SIGN_IDENTITY[sdk=iphoneos*]" = "iPhone Developer";
				COPY_PHASE_STRIP = NO;
				ENABLE_NS_ASSERTIONS = NO;
				ENABLE_STRICT_OBJC_MSGSEND = YES;
				ENABLE_USER_SCRIPT_SANDBOXING = YES;
				GCC_C_LANGUAGE_STANDARD = gnu99;
				GCC_NO_COMMON_BLOCKS = YES;
				GCC_WARN_64_TO_32_BIT_CONVERSION = YES;
				GCC_WARN_ABOUT_RETURN_TYPE = YES_ERROR;
				GCC_WARN_UNDECLARED_SELECTOR = YES;
				GCC_WARN_UNINITIALIZED_AUTOS = YES_AGGRESSIVE;
				GCC_WARN_UNUSED_FUNCTION = YES;
				GCC_WARN_UNUSED_VARIABLE = YES;
				IPHONEOS_DEPLOYMENT_TARGET = 15.0;
				MTL_ENABLE_DEBUG_INFO = NO;
				ONLY_ACTIVE_ARCH = YES;
				SDKROOT = iphoneos;
				STRING_CATALOG_GENERATE_SYMBOLS = YES;
				SWIFT_COMPILATION_MODE = wholemodule;
				SWIFT_OPTIMIZATION_LEVEL = "-O";
				VALIDATE_PRODUCT = YES;
			};
			name = Release;
		};
		9409E1391ABF6FEA00312E2B /* Debug */ = {
			isa = XCBuildConfiguration;
			buildSettings = {
				ASSETCATALOG_COMPILER_APPICON_NAME = AppIcon;
				CODE_SIGN_ENTITLEMENTS = SwiftRadio/SwiftRadio.entitlements;
				CODE_SIGN_IDENTITY = "Apple Development";
				CODE_SIGN_STYLE = Automatic;
				CURRENT_PROJECT_VERSION = 1;
				DEFINES_MODULE = YES;
				DEVELOPMENT_TEAM = 5DU7D4798M;
				ENABLE_MODULE_VERIFIER = YES;
				FRAMEWORK_SEARCH_PATHS = (
					"$(inherited)",
					"$(PROJECT_DIR)/SwiftRadio",
				);
				INFOPLIST_FILE = SwiftRadio/Info.plist;
				INFOPLIST_KEY_CFBundleDisplayName = "The Gates Radio Station";
				INFOPLIST_KEY_LSApplicationCategoryType = "public.app-category.education";
				IPHONEOS_DEPLOYMENT_TARGET = 15.0;
				LD_RUNPATH_SEARCH_PATHS = (
					"$(inherited)",
					"@executable_path/Frameworks",
				);
				MARKETING_VERSION = 2.0.9;
				MODULE_VERIFIER_SUPPORTED_LANGUAGE_STANDARDS = "gnu99 gnu++11";
				PRODUCT_BUNDLE_IDENTIFIER = com.TheGatesPrimarySchool.TheGatesRadioStation;
				PRODUCT_NAME = SwiftRadio;
				PROVISIONING_PROFILE = "";
				PROVISIONING_PROFILE_SPECIFIER = "";
				SWIFT_INSTALL_OBJC_HEADER = NO;
				SWIFT_STRICT_CONCURRENCY = complete;
				SWIFT_VERSION = 5.10;
				TARGETED_DEVICE_FAMILY = "1,2";
			};
			name = Debug;
		};
		9409E13A1ABF6FEA00312E2B /* Release */ = {
			isa = XCBuildConfiguration;
			buildSettings = {
				ASSETCATALOG_COMPILER_APPICON_NAME = AppIcon;
				CODE_SIGN_ENTITLEMENTS = SwiftRadio/SwiftRadio.entitlements;
				CODE_SIGN_IDENTITY = "Apple Development";
				CODE_SIGN_STYLE = Automatic;
				CURRENT_PROJECT_VERSION = 1;
				DEFINES_MODULE = YES;
				DEVELOPMENT_TEAM = 5DU7D4798M;
				ENABLE_MODULE_VERIFIER = YES;
				FRAMEWORK_SEARCH_PATHS = (
					"$(inherited)",
					"$(PROJECT_DIR)/SwiftRadio",
				);
				INFOPLIST_FILE = SwiftRadio/Info.plist;
				INFOPLIST_KEY_CFBundleDisplayName = "The Gates Radio Station";
				INFOPLIST_KEY_LSApplicationCategoryType = "public.app-category.education";
				IPHONEOS_DEPLOYMENT_TARGET = 15.0;
				LD_RUNPATH_SEARCH_PATHS = (
					"$(inherited)",
					"@executable_path/Frameworks",
				);
				MARKETING_VERSION = 2.0.9;
				MODULE_VERIFIER_SUPPORTED_LANGUAGE_STANDARDS = "gnu99 gnu++11";
				PRODUCT_BUNDLE_IDENTIFIER = com.TheGatesPrimarySchool.TheGatesRadioStation;
				PRODUCT_NAME = SwiftRadio;
				PROVISIONING_PROFILE = "";
				PROVISIONING_PROFILE_SPECIFIER = "";
				SWIFT_INSTALL_OBJC_HEADER = NO;
				SWIFT_STRICT_CONCURRENCY = complete;
				SWIFT_VERSION = 5.10;
				TARGETED_DEVICE_FAMILY = "1,2";
			};
			name = Release;
		};
/* End XCBuildConfiguration section */

/* Begin XCConfigurationList section */
		2C5545C31C1124DE00728469 /* Build configuration list for PBXNativeTarget "SwiftRadioUITests" */ = {
			isa = XCConfigurationList;
			buildConfigurations = (
				2C5545C11C1124DE00728469 /* Debug */,
				2C5545C21C1124DE00728469 /* Release */,
			);
			defaultConfigurationIsVisible = 0;
			defaultConfigurationName = Release;
		};
		65BC9D3D2F7340740014C62A /* Build configuration list for PBXNativeTarget "SwiftRadioTests" */ = {
			isa = XCConfigurationList;
			buildConfigurations = (
				65BC9D3B2F7340740014C62A /* Debug */,
				65BC9D3C2F7340740014C62A /* Release */,
			);
			defaultConfigurationIsVisible = 0;
			defaultConfigurationName = Release;
		};
		9409E1111ABF6FE900312E2B /* Build configuration list for PBXProject "SwiftRadio" */ = {
			isa = XCConfigurationList;
			buildConfigurations = (
				9409E1361ABF6FEA00312E2B /* Debug */,
				9409E1371ABF6FEA00312E2B /* Release */,
			);
			defaultConfigurationIsVisible = 0;
			defaultConfigurationName = Release;
		};
		9409E1381ABF6FEA00312E2B /* Build configuration list for PBXNativeTarget "SwiftRadio" */ = {
			isa = XCConfigurationList;
			buildConfigurations = (
				9409E1391ABF6FEA00312E2B /* Debug */,
				9409E13A1ABF6FEA00312E2B /* Release */,
			);
			defaultConfigurationIsVisible = 0;
			defaultConfigurationName = Release;
		};
/* End XCConfigurationList section */

/* Begin XCRemoteSwiftPackageReference section */
		CE37D7B2290F47E000B0933B /* XCRemoteSwiftPackageReference "Spring" */ = {
			isa = XCRemoteSwiftPackageReference;
			repositoryURL = "https://github.com/fethica/Spring.git";
			requirement = {
				branch = master;
				kind = branch;
			};
		};
		CE37D7B5290F4A9700B0933B /* XCRemoteSwiftPackageReference "FRadioPlayer" */ = {
			isa = XCRemoteSwiftPackageReference;
			repositoryURL = "https://github.com/fethica/FRadioPlayer.git";
			requirement = {
				branch = v0.2.0;
				kind = branch;
			};
		};
		CE60361F2A48C51A00E15E15 /* XCRemoteSwiftPackageReference "NVActivityIndicatorView" */ = {
			isa = XCRemoteSwiftPackageReference;
			repositoryURL = "https://github.com/ninjaprox/NVActivityIndicatorView.git";
			requirement = {
				kind = upToNextMajorVersion;
				minimumVersion = 5.0.0;
			};
		};
		CE6A3E2D291F376D0058C82A /* XCRemoteSwiftPackageReference "Spring" */ = {
			isa = XCRemoteSwiftPackageReference;
			repositoryURL = "https://github.com/fethica/Spring.git";
			requirement = {
				branch = master;
				kind = branch;
			};
		};
		CE6A3E2F291F376D0058C82A /* XCRemoteSwiftPackageReference "FRadioPlayer" */ = {
			isa = XCRemoteSwiftPackageReference;
			repositoryURL = "https://github.com/fethica/FRadioPlayer.git";
			requirement = {
				branch = v0.2.0;
				kind = branch;
			};
		};
/* End XCRemoteSwiftPackageReference section */

/* Begin XCSwiftPackageProductDependency section */
		CE37D7B3290F47E000B0933B /* Spring */ = {
			isa = XCSwiftPackageProductDependency;
			package = CE37D7B2290F47E000B0933B /* XCRemoteSwiftPackageReference "Spring" */;
			productName = Spring;
		};
		CE37D7B6290F4A9700B0933B /* FRadioPlayer */ = {
			isa = XCSwiftPackageProductDependency;
			package = CE37D7B5290F4A9700B0933B /* XCRemoteSwiftPackageReference "FRadioPlayer" */;
			productName = FRadioPlayer;
		};
		CE6036202A48C51A00E15E15 /* NVActivityIndicatorView */ = {
			isa = XCSwiftPackageProductDependency;
			package = CE60361F2A48C51A00E15E15 /* XCRemoteSwiftPackageReference "NVActivityIndicatorView" */;
			productName = NVActivityIndicatorView;
		};
		CE6036222A48C51A00E15E15 /* NVActivityIndicatorViewExtended */ = {
			isa = XCSwiftPackageProductDependency;
			package = CE60361F2A48C51A00E15E15 /* XCRemoteSwiftPackageReference "NVActivityIndicatorView" */;
			productName = NVActivityIndicatorViewExtended;
		};
		CE6036272A48F70A00E15E15 /* NVActivityIndicatorView */ = {
			isa = XCSwiftPackageProductDependency;
			package = CE60361F2A48C51A00E15E15 /* XCRemoteSwiftPackageReference "NVActivityIndicatorView" */;
			productName = NVActivityIndicatorView;
		};
		CE6036292A48F70A00E15E15 /* NVActivityIndicatorViewExtended */ = {
			isa = XCSwiftPackageProductDependency;
			package = CE60361F2A48C51A00E15E15 /* XCRemoteSwiftPackageReference "NVActivityIndicatorView" */;
			productName = NVActivityIndicatorViewExtended;
		};
		CE6A3E2C291F376D0058C82A /* Spring */ = {
			isa = XCSwiftPackageProductDependency;
			package = CE6A3E2D291F376D0058C82A /* XCRemoteSwiftPackageReference "Spring" */;
			productName = Spring;
		};
		CE6A3E2E291F376D0058C82A /* FRadioPlayer */ = {
			isa = XCSwiftPackageProductDependency;
			package = CE6A3E2F291F376D0058C82A /* XCRemoteSwiftPackageReference "FRadioPlayer" */;
			productName = FRadioPlayer;
		};
/* End XCSwiftPackageProductDependency section */
	};
	rootObject = 9409E10E1ABF6FE900312E2B /* Project object */;
}
