{
  "originHash" : "470dd3d7e695ff7605c4b21b10d5a0300d93d7bdcebf8bccd1bedb9ccbbfbdb5",
  "pins" : [
    {
      "identity" : "fradioplayer",
      "kind" : "remoteSourceControl",
      "location" : "https://github.com/fethica/FRadioPlayer.git",
      "state" : {
        "branch" : "v0.2.0",
        "revision" : "c3f472ed8cb59b442312362bca363863962c88b3"
      }
    }
  ],
  "version" : 3
}
